// !$*UTF8*$!
{
	archiveVersion = 1;
	classes = {
	};
	objectVersion = 77;
	objects = {

/* Begin PBXBuildFile section */
		00AB645198D637A0FED2507F /* BrightnessManager.swift in Sources */ = {isa = PBXBuildFile; fileRef = 7336C3943F02282AC5DBACF8 /* BrightnessManager.swift */; };
		00DF7007792B952FCE013DD5 /* ProgressManager.swift in Sources */ = {isa = PBXBuildFile; fileRef = A5E577B8468EA96708AB71BC /* ProgressManager.swift */; };
		03AAC790327E0A572082A7F9 /* DeviceNameManager.swift in Sources */ = {isa = PBXBuildFile; fileRef = 80A5BB481BDD99C3A39A3BBC /* DeviceNameManager.swift */; };
		0B2B0AE4A2BCA6D1954800C7 /* BitCharacter.swift in Sources */ = {isa = PBXBuildFile; fileRef = F80099F4DD230213DDF15870 /* BitCharacter.swift */; };
		0E012B163A1DE726DF13E644 /* HapticManager.swift in Sources */ = {isa = PBXBuildFile; fileRef = C183FF931CCBBA2BBEB5D51C /* HapticManager.swift */; };
		0F0065460F7D2835EBC2E377 /* Level6_Brightness.swift in Sources */ = {isa = PBXBuildFile; fileRef = 72820D4FA4FA2EAB83F9EA7A /* Level6_Brightness.swift */; };
		10C6ECBEE4B25C2488828551 /* PowerModeManager.swift in Sources */ = {isa = PBXBuildFile; fileRef = A652CB7062398A5DB1C2CE50 /* PowerModeManager.swift */; };
		196D440E41478EE76C402A77 /* ClipboardManager.swift in Sources */ = {isa = PBXBuildFile; fileRef = D065F33B8182B5289FC24557 /* ClipboardManager.swift */; };
		19712575BDFA3584AA672404 /* GameRootView.swift in Sources */ = {isa = PBXBuildFile; fileRef = C91EADCA77DF81BDDA2F970C /* GameRootView.swift */; };
		199986AB11BBD61E5FD7DABC /* Level24_StorageSpace.swift in Sources */ = {isa = PBXBuildFile; fileRef = 96D953F74D3EFACD2220FB92 /* Level24_StorageSpace.swift */; };
		1D437F807F723B4F96D749F6 /* Level26_Locale.swift in Sources */ = {isa = PBXBuildFile; fileRef = E9A6300473FBBF48BA89C785 /* Level26_Locale.swift */; };
		1E26500DD8DEC185FCA758DF /* Level30_CreditsFinale.swift in Sources */ = {isa = PBXBuildFile; fileRef = 0CE02614FFADA398E933211F /* Level30_CreditsFinale.swift */; };
		256D225389BE2FCE88476365 /* Level16_ShakeUndo.swift in Sources */ = {isa = PBXBuildFile; fileRef = 7E9C3E53B3C3D7AEE98978BB /* Level16_ShakeUndo.swift */; };
		265423C850E953AD67649C36 /* AirDropManager.swift in Sources */ = {isa = PBXBuildFile; fileRef = 0B7FD510F101F5A60DC21BC3 /* AirDropManager.swift */; };
		26E344FB43860116EF926F81 /* ScreenshotManager.swift in Sources */ = {isa = PBXBuildFile; fileRef = 12A02BBDCD1404CA4545F4E5 /* ScreenshotManager.swift */; };
		27715F9A98FF35048F49A49C /* Level22_BatteryPercent.swift in Sources */ = {isa = PBXBuildFile; fileRef = 73C3BE505E0D9E9AEA919C1D /* Level22_BatteryPercent.swift */; };
		2ED14A726B4B63F41EABBED4 /* DebugInputPanel.swift in Sources */ = {isa = PBXBuildFile; fileRef = 5798D022CBE41ACAB6B2D311 /* DebugInputPanel.swift */; };
		309F7347B618CB9D379145D9 /* Level25_TimeOfDay.swift in Sources */ = {isa = PBXBuildFile; fileRef = 9B6E8A08233E5AA54B079AF3 /* Level25_TimeOfDay.swift */; };
		385F0F50B0DB94B3CF60370E /* AudioManager.swift in Sources */ = {isa = PBXBuildFile; fileRef = D294E1604AB728538A52B49F /* AudioManager.swift */; };
		3E0151C1311936BF50BAE0DE /* AppearanceManager.swift in Sources */ = {isa = PBXBuildFile; fileRef = 3EBEED942CAA63CA601034EE /* AppearanceManager.swift */; };
		3EDDD33EC2F11770CFF82E33 /* Assets.xcassets in Resources */ = {isa = PBXBuildFile; fileRef = 8D156C013CB319A0385F7506 /* Assets.xcassets */; };
		3F54EC52F8E9F681A0252439 /* JuiceManager.swift in Sources */ = {isa = PBXBuildFile; fileRef = A5A30BF53F0063D721F60765 /* JuiceManager.swift */; };
		4123E694B70A1E5CB5E132FC /* Level29_TheLie.swift in Sources */ = {isa = PBXBuildFile; fileRef = F043D5C26DE91D715EB8AD27 /* Level29_TheLie.swift */; };
		448C9F4D19B7AAD18DA5AF25 /* LevelFactory.swift in Sources */ = {isa = PBXBuildFile; fileRef = C15F82C8F382DCF8658B8ACD /* LevelFactory.swift */; };
		48F2531ECFAD8E1C33E19848 /* Level2_Wind.swift in Sources */ = {isa = PBXBuildFile; fileRef = 7A9FC7B1DAEA40528C88510D /* Level2_Wind.swift */; };
		4E62E1F99379A04312D51755 /* Level15_LowPower.swift in Sources */ = {isa = PBXBuildFile; fileRef = D4FF082F955DAD96BB2F013E /* Level15_LowPower.swift */; };
		518C9B9F4605DCC99419F2CF /* GameInputEvent.swift in Sources */ = {isa = PBXBuildFile; fileRef = 25D202F0092C63598685BF39 /* GameInputEvent.swift */; };
		528268B9AADD3080A287E407 /* VoiceOverManager.swift in Sources */ = {isa = PBXBuildFile; fileRef = 6875D6C339DB4C95CE1B7F47 /* VoiceOverManager.swift */; };
		539901415D4914E226024D00 /* LocaleManager.swift in Sources */ = {isa = PBXBuildFile; fileRef = C6177BA4C3087E00BE235111 /* LocaleManager.swift */; };
		54277AD9A2477FB5E1C573A2 /* OrientationManager.swift in Sources */ = {isa = PBXBuildFile; fileRef = C9ADFADAD3DFF4FF015486C7 /* OrientationManager.swift */; };
		5FD1CF9FC1FAE4E8D9ECB6AC /* AuthenticationManager.swift in Sources */ = {isa = PBXBuildFile; fileRef = 231CEFB02BA5B2192F8EC955 /* AuthenticationManager.swift */; };
		6043A2EEEB44943D6C10F7F9 /* InputEventBus.swift in Sources */ = {isa = PBXBuildFile; fileRef = 43E11F392479B2196246F96B /* InputEventBus.swift */; };
		63AEF1BD01913DD4F57F016B /* BaseLevelScene.swift in Sources */ = {isa = PBXBuildFile; fileRef = 1459B00AEA5D4FE5A5026E4B /* BaseLevelScene.swift */; };
		63B3FC08894FDCD4891421E0 /* LevelHeaderHUD.swift in Sources */ = {isa = PBXBuildFile; fileRef = 60F0989938E81319FCA6BCCA /* LevelHeaderHUD.swift */; };
		642EF318AA14AFB50E740DE1 /* MotionManager.swift in Sources */ = {isa = PBXBuildFile; fileRef = AD2252F95D146BFD43AF11B5 /* MotionManager.swift */; };
		695444AA1972BA14771ED37B /* Level11_Notification.swift in Sources */ = {isa = PBXBuildFile; fileRef = 5BC6120CBE61C500535D8CB0 /* Level11_Notification.swift */; };
		6D6E0FD4CC3717E4CDF4D56D /* TimeOfDayManager.swift in Sources */ = {isa = PBXBuildFile; fileRef = 0135D1F3DF2C035A049E736C /* TimeOfDayManager.swift */; };
		7C19AE5C2EDA2EE18187FE16 /* LevelID.swift in Sources */ = {isa = PBXBuildFile; fileRef = CFEF9968DDA1EDE5D9706C75 /* LevelID.swift */; };
		7C84D42D3EBE40A2002CB20C /* BatteryManager.swift in Sources */ = {isa = PBXBuildFile; fileRef = 63B3641B109025C0DDCE2B5E /* BatteryManager.swift */; };
		7D019D1EB7D2239D94B71BEB /* DeviceManager.swift in Sources */ = {isa = PBXBuildFile; fileRef = 7A5AC0459252E64256125FAD /* DeviceManager.swift */; };
		8382502D8803DFD41E2A4ADC /* KeyboardState.swift in Sources */ = {isa = PBXBuildFile; fileRef = 2ADF34795D77C2FA5AE87204 /* KeyboardState.swift */; };
		846418D879D061D2C118B43F /* AccessibilityManager.swift in Sources */ = {isa = PBXBuildFile; fileRef = 37D78919A88F0739FEF71400 /* AccessibilityManager.swift */; };
		86491F69A9743078BA9B94E3 /* ParticleFactory.swift in Sources */ = {isa = PBXBuildFile; fileRef = D6134308C7C2DA13566C0225 /* ParticleFactory.swift */; };
		88181492C4E7B769698A540E /* VoiceCommandManager.swift in Sources */ = {isa = PBXBuildFile; fileRef = 2D6AD830B25DB30C4F75624E /* VoiceCommandManager.swift */; };
		8B10CC87C357667A57B35663 /* Level1_Header.swift in Sources */ = {isa = PBXBuildFile; fileRef = E0ADDCE606E466C484DC5D4C /* Level1_Header.swift */; };
		8E08BDD841FD28D80A0764B3 /* BackgroundTimeManager.swift in Sources */ = {isa = PBXBuildFile; fileRef = 31A1B25865B477718B3D4F81 /* BackgroundTimeManager.swift */; };
		94078ED69BB6860047F0E4A6 /* FocusModeManager.swift in Sources */ = {isa = PBXBuildFile; fileRef = 9EE34F192E505BF43AD7942D /* FocusModeManager.swift */; };
		95C7A569C882408FD704CCF6 /* Level12_Clipboard.swift in Sources */ = {isa = PBXBuildFile; fileRef = 4FA53D85C83A4D6BF7F5703D /* Level12_Clipboard.swift */; };
		96FBC249607538C9D05297B3 /* NetworkManager.swift in Sources */ = {isa = PBXBuildFile; fileRef = 25737AD8252D103BAC560B16 /* NetworkManager.swift */; };
		9899FF3F9266A63F351F90AB /* Level17_AirplaneMode.swift in Sources */ = {isa = PBXBuildFile; fileRef = 6617AC71A777BF51EA8A8908 /* Level17_AirplaneMode.swift */; };
		9977B18A7955405E5743454D /* Level3_Static.swift in Sources */ = {isa = PBXBuildFile; fileRef = BE1D0A964286B9ABA49CB3EC /* Level3_Static.swift */; };
		A66163737B8B6CF9713FFF92 /* Level28_AirDrop.swift in Sources */ = {isa = PBXBuildFile; fileRef = 26CCA6D83D6B69FE0B1F89C0 /* Level28_AirDrop.swift */; };
		A78045AE384938D2296429D4 /* ShakeUndoManager.swift in Sources */ = {isa = PBXBuildFile; fileRef = 7A76E465CE814728482A32EA /* ShakeUndoManager.swift */; };
		AAC0C4F2B525EE274D5CD1E2 /* PlayerController.swift in Sources */ = {isa = PBXBuildFile; fileRef = 7412661102DF49F96A011997 /* PlayerController.swift */; };
		AB57F6CE52E76C824881CDD5 /* ReinstallManager.swift in Sources */ = {isa = PBXBuildFile; fileRef = 24C51F6533163E35F3561B4C /* ReinstallManager.swift */; };
		AED2765480F15EB9B5B3FCF4 /* Level21_VoiceCommand.swift in Sources */ = {isa = PBXBuildFile; fileRef = 45D735BF0FEB9CAD568E6C55 /* Level21_VoiceCommand.swift */; };
		B35C6CA2D513CEA1B4552C17 /* Level0_BootSequence.swift in Sources */ = {isa = PBXBuildFile; fileRef = 459CA7CEF086A492555C40B3 /* Level0_BootSequence.swift */; };
		B4523E24A4B969CF137BB2A1 /* GameState.swift in Sources */ = {isa = PBXBuildFile; fileRef = F4A66C1B6B495950E381E8ED /* GameState.swift */; };
		B66A488108E3CAE4B944B382 /* Level9_Orientation.swift in Sources */ = {isa = PBXBuildFile; fileRef = A7E6E4D2BFD72F0D56E2522A /* Level9_Orientation.swift */; };
		BDD6BB84927B2C7EA5CCB5F7 /* GlitchedApp.swift in Sources */ = {isa = PBXBuildFile; fileRef = 0B9CFD4664A4FF381CD51110 /* GlitchedApp.swift */; };
		C1F7EB1BC790E6F7EABD2AC4 /* MicrophoneManager.swift in Sources */ = {isa = PBXBuildFile; fileRef = FAA0F6B6AAA702F99C95251C /* MicrophoneManager.swift */; };
		C27424AF0FD9152F60DC580A /* Level27_VoiceOver.swift in Sources */ = {isa = PBXBuildFile; fileRef = 829FF142EAB115F99FD5345A /* Level27_VoiceOver.swift */; };
		C677B8B74662F8B5F98D83E6 /* Level20_MetaFinale.swift in Sources */ = {isa = PBXBuildFile; fileRef = 711F568B1776028CC88CD672 /* Level20_MetaFinale.swift */; };
		C92112168CCB7DDEBF8ED4AB /* BatteryLevelManager.swift in Sources */ = {isa = PBXBuildFile; fileRef = 813261F5775CAF4D6DC9491A /* BatteryLevelManager.swift */; };
		CEE18DEF1D8CD01CC864A3C3 /* Level14_FocusMode.swift in Sources */ = {isa = PBXBuildFile; fileRef = 4BCAA13046F01CADFDC5D784 /* Level14_FocusMode.swift */; };
		D16D040AC7FF1BA508BA6135 /* Level23_DeviceName.swift in Sources */ = {isa = PBXBuildFile; fileRef = B69A5AB4ABFC655178C75B9F /* Level23_DeviceName.swift */; };
		D6095FBCCD80D0B5FE109D88 /* AppSwitcherManager.swift in Sources */ = {isa = PBXBuildFile; fileRef = 2951EA0539E27C1CF35F1C90 /* AppSwitcherManager.swift */; };
		D9201108209D6D5FEA723A16 /* Level8_DarkMode.swift in Sources */ = {isa = PBXBuildFile; fileRef = 38C9348B5753673A50168165 /* Level8_DarkMode.swift */; };
		E0256E88EB2FA5E7AC81BF61 /* NotificationManager.swift in Sources */ = {isa = PBXBuildFile; fileRef = E10A1FE1B5A071435FC57110 /* NotificationManager.swift */; };
		E3EA2E8D50135B198E78950C /* StorageSpaceManager.swift in Sources */ = {isa = PBXBuildFile; fileRef = 246C54B178876AB9B7C75F86 /* StorageSpaceManager.swift */; };
		E60C00CA8B0EA29838102835 /* Level18_AppSwitcher.swift in Sources */ = {isa = PBXBuildFile; fileRef = 1CC60FAC853285E300B4F0A5 /* Level18_AppSwitcher.swift */; };
		E95FC1E629793116B01AD514 /* Level7_Screenshot.swift in Sources */ = {isa = PBXBuildFile; fileRef = 4ABD6259D7C8DF7D947932C8 /* Level7_Screenshot.swift */; };
		ECB2ABFF278863A8C87D38D4 /* Level10_TimeTravel.swift in Sources */ = {isa = PBXBuildFile; fileRef = 45365B2F5C6B8ED21573E6A3 /* Level10_TimeTravel.swift */; };
		EF5C7222C4754E9C9A86209E /* Level5_Charging.swift in Sources */ = {isa = PBXBuildFile; fileRef = E94A8D5694571314896A0BB3 /* Level5_Charging.swift */; };
		F50D84DD6F9B4450477CC95E /* Level13_WiFi.swift in Sources */ = {isa = PBXBuildFile; fileRef = 3C5CE694F3C08F3B5EE03855 /* Level13_WiFi.swift */; };
		F851246AAF81D1E714A6565A /* DeviceManagerCoordinator.swift in Sources */ = {isa = PBXBuildFile; fileRef = 90C5A4F33588282BB3AF7B97 /* DeviceManagerCoordinator.swift */; };
		F8A9AADF304F0FDD601994E4 /* Level4_Volume.swift in Sources */ = {isa = PBXBuildFile; fileRef = B970E0065DEF3FB6BD53F97E /* Level4_Volume.swift */; };
		FD6EFE04416CF1A98179E323 /* Level19_FaceID.swift in Sources */ = {isa = PBXBuildFile; fileRef = 7D66EFF2E436320DB6B65AF8 /* Level19_FaceID.swift */; };
/* End PBXBuildFile section */

/* Begin PBXFileReference section */
		0135D1F3DF2C035A049E736C /* TimeOfDayManager.swift */ = {isa = PBXFileReference; lastKnownFileType = sourcecode.swift; path = TimeOfDayManager.swift; sourceTree = "<group>"; };
		0B7FD510F101F5A60DC21BC3 /* AirDropManager.swift */ = {isa = PBXFileReference; lastKnownFileType = sourcecode.swift; path = AirDropManager.swift; sourceTree = "<group>"; };
		0B9CFD4664A4FF381CD51110 /* GlitchedApp.swift */ = {isa = PBXFileReference; lastKnownFileType = sourcecode.swift; path = GlitchedApp.swift; sourceTree = "<group>"; };
		0CE02614FFADA398E933211F /* Level30_CreditsFinale.swift */ = {isa = PBXFileReference; lastKnownFileType = sourcecode.swift; path = Level30_CreditsFinale.swift; sourceTree = "<group>"; };
		12A02BBDCD1404CA4545F4E5 /* ScreenshotManager.swift */ = {isa = PBXFileReference; lastKnownFileType = sourcecode.swift; path = ScreenshotManager.swift; sourceTree = "<group>"; };
		1459B00AEA5D4FE5A5026E4B /* BaseLevelScene.swift */ = {isa = PBXFileReference; lastKnownFileType = sourcecode.swift; path = BaseLevelScene.swift; sourceTree = "<group>"; };
		1CC60FAC853285E300B4F0A5 /* Level18_AppSwitcher.swift */ = {isa = PBXFileReference; lastKnownFileType = sourcecode.swift; path = Level18_AppSwitcher.swift; sourceTree = "<group>"; };
		231CEFB02BA5B2192F8EC955 /* AuthenticationManager.swift */ = {isa = PBXFileReference; lastKnownFileType = sourcecode.swift; path = AuthenticationManager.swift; sourceTree = "<group>"; };
		246C54B178876AB9B7C75F86 /* StorageSpaceManager.swift */ = {isa = PBXFileReference; lastKnownFileType = sourcecode.swift; path = StorageSpaceManager.swift; sourceTree = "<group>"; };
		24C51F6533163E35F3561B4C /* ReinstallManager.swift */ = {isa = PBXFileReference; lastKnownFileType = sourcecode.swift; path = ReinstallManager.swift; sourceTree = "<group>"; };
		25737AD8252D103BAC560B16 /* NetworkManager.swift */ = {isa = PBXFileReference; lastKnownFileType = sourcecode.swift; path = NetworkManager.swift; sourceTree = "<group>"; };
		25D202F0092C63598685BF39 /* GameInputEvent.swift */ = {isa = PBXFileReference; lastKnownFileType = sourcecode.swift; path = GameInputEvent.swift; sourceTree = "<group>"; };
		26CCA6D83D6B69FE0B1F89C0 /* Level28_AirDrop.swift */ = {isa = PBXFileReference; lastKnownFileType = sourcecode.swift; path = Level28_AirDrop.swift; sourceTree = "<group>"; };
		288B2C30D58D7B698D2213A0 /* Info.plist */ = {isa = PBXFileReference; lastKnownFileType = text.plist; path = Info.plist; sourceTree = "<group>"; };
		2951EA0539E27C1CF35F1C90 /* AppSwitcherManager.swift */ = {isa = PBXFileReference; lastKnownFileType = sourcecode.swift; path = AppSwitcherManager.swift; sourceTree = "<group>"; };
		2ADF34795D77C2FA5AE87204 /* KeyboardState.swift */ = {isa = PBXFileReference; lastKnownFileType = sourcecode.swift; path = KeyboardState.swift; sourceTree = "<group>"; };
		2D6AD830B25DB30C4F75624E /* VoiceCommandManager.swift */ = {isa = PBXFileReference; lastKnownFileType = sourcecode.swift; path = VoiceCommandManager.swift; sourceTree = "<group>"; };
		31A1B25865B477718B3D4F81 /* BackgroundTimeManager.swift */ = {isa = PBXFileReference; lastKnownFileType = sourcecode.swift; path = BackgroundTimeManager.swift; sourceTree = "<group>"; };
		37D78919A88F0739FEF71400 /* AccessibilityManager.swift */ = {isa = PBXFileReference; lastKnownFileType = sourcecode.swift; path = AccessibilityManager.swift; sourceTree = "<group>"; };
		38C9348B5753673A50168165 /* Level8_DarkMode.swift */ = {isa = PBXFileReference; lastKnownFileType = sourcecode.swift; path = Level8_DarkMode.swift; sourceTree = "<group>"; };
		3C5CE694F3C08F3B5EE03855 /* Level13_WiFi.swift */ = {isa = PBXFileReference; lastKnownFileType = sourcecode.swift; path = Level13_WiFi.swift; sourceTree = "<group>"; };
		3EBEED942CAA63CA601034EE /* AppearanceManager.swift */ = {isa = PBXFileReference; lastKnownFileType = sourcecode.swift; path = AppearanceManager.swift; sourceTree = "<group>"; };
		43E11F392479B2196246F96B /* InputEventBus.swift */ = {isa = PBXFileReference; lastKnownFileType = sourcecode.swift; path = InputEventBus.swift; sourceTree = "<group>"; };
		45365B2F5C6B8ED21573E6A3 /* Level10_TimeTravel.swift */ = {isa = PBXFileReference; lastKnownFileType = sourcecode.swift; path = Level10_TimeTravel.swift; sourceTree = "<group>"; };
		459CA7CEF086A492555C40B3 /* Level0_BootSequence.swift */ = {isa = PBXFileReference; lastKnownFileType = sourcecode.swift; path = Level0_BootSequence.swift; sourceTree = "<group>"; };
		45D735BF0FEB9CAD568E6C55 /* Level21_VoiceCommand.swift */ = {isa = PBXFileReference; lastKnownFileType = sourcecode.swift; path = Level21_VoiceCommand.swift; sourceTree = "<group>"; };
		4ABD6259D7C8DF7D947932C8 /* Level7_Screenshot.swift */ = {isa = PBXFileReference; lastKnownFileType = sourcecode.swift; path = Level7_Screenshot.swift; sourceTree = "<group>"; };
		4BCAA13046F01CADFDC5D784 /* Level14_FocusMode.swift */ = {isa = PBXFileReference; lastKnownFileType = sourcecode.swift; path = Level14_FocusMode.swift; sourceTree = "<group>"; };
		4FA53D85C83A4D6BF7F5703D /* Level12_Clipboard.swift */ = {isa = PBXFileReference; lastKnownFileType = sourcecode.swift; path = Level12_Clipboard.swift; sourceTree = "<group>"; };
		5798D022CBE41ACAB6B2D311 /* DebugInputPanel.swift */ = {isa = PBXFileReference; lastKnownFileType = sourcecode.swift; path = DebugInputPanel.swift; sourceTree = "<group>"; };
		5BC6120CBE61C500535D8CB0 /* Level11_Notification.swift */ = {isa = PBXFileReference; lastKnownFileType = sourcecode.swift; path = Level11_Notification.swift; sourceTree = "<group>"; };
		60F0989938E81319FCA6BCCA /* LevelHeaderHUD.swift */ = {isa = PBXFileReference; lastKnownFileType = sourcecode.swift; path = LevelHeaderHUD.swift; sourceTree = "<group>"; };
		63B3641B109025C0DDCE2B5E /* BatteryManager.swift */ = {isa = PBXFileReference; lastKnownFileType = sourcecode.swift; path = BatteryManager.swift; sourceTree = "<group>"; };
		6617AC71A777BF51EA8A8908 /* Level17_AirplaneMode.swift */ = {isa = PBXFileReference; lastKnownFileType = sourcecode.swift; path = Level17_AirplaneMode.swift; sourceTree = "<group>"; };
		6875D6C339DB4C95CE1B7F47 /* VoiceOverManager.swift */ = {isa = PBXFileReference; lastKnownFileType = sourcecode.swift; path = VoiceOverManager.swift; sourceTree = "<group>"; };
		711F568B1776028CC88CD672 /* Level20_MetaFinale.swift */ = {isa = PBXFileReference; lastKnownFileType = sourcecode.swift; path = Level20_MetaFinale.swift; sourceTree = "<group>"; };
		72820D4FA4FA2EAB83F9EA7A /* Level6_Brightness.swift */ = {isa = PBXFileReference; lastKnownFileType = sourcecode.swift; path = Level6_Brightness.swift; sourceTree = "<group>"; };
		7336C3943F02282AC5DBACF8 /* BrightnessManager.swift */ = {isa = PBXFileReference; lastKnownFileType = sourcecode.swift; path = BrightnessManager.swift; sourceTree = "<group>"; };
		73C3BE505E0D9E9AEA919C1D /* Level22_BatteryPercent.swift */ = {isa = PBXFileReference; lastKnownFileType = sourcecode.swift; path = Level22_BatteryPercent.swift; sourceTree = "<group>"; };
		7412661102DF49F96A011997 /* PlayerController.swift */ = {isa = PBXFileReference; lastKnownFileType = sourcecode.swift; path = PlayerController.swift; sourceTree = "<group>"; };
		7A5AC0459252E64256125FAD /* DeviceManager.swift */ = {isa = PBXFileReference; lastKnownFileType = sourcecode.swift; path = DeviceManager.swift; sourceTree = "<group>"; };
		7A76E465CE814728482A32EA /* ShakeUndoManager.swift */ = {isa = PBXFileReference; lastKnownFileType = sourcecode.swift; path = ShakeUndoManager.swift; sourceTree = "<group>"; };
		7A9FC7B1DAEA40528C88510D /* Level2_Wind.swift */ = {isa = PBXFileReference; lastKnownFileType = sourcecode.swift; path = Level2_Wind.swift; sourceTree = "<group>"; };
		7D66EFF2E436320DB6B65AF8 /* Level19_FaceID.swift */ = {isa = PBXFileReference; lastKnownFileType = sourcecode.swift; path = Level19_FaceID.swift; sourceTree = "<group>"; };
		7E9C3E53B3C3D7AEE98978BB /* Level16_ShakeUndo.swift */ = {isa = PBXFileReference; lastKnownFileType = sourcecode.swift; path = Level16_ShakeUndo.swift; sourceTree = "<group>"; };
		80A5BB481BDD99C3A39A3BBC /* DeviceNameManager.swift */ = {isa = PBXFileReference; lastKnownFileType = sourcecode.swift; path = DeviceNameManager.swift; sourceTree = "<group>"; };
		813261F5775CAF4D6DC9491A /* BatteryLevelManager.swift */ = {isa = PBXFileReference; lastKnownFileType = sourcecode.swift; path = BatteryLevelManager.swift; sourceTree = "<group>"; };
		829FF142EAB115F99FD5345A /* Level27_VoiceOver.swift */ = {isa = PBXFileReference; lastKnownFileType = sourcecode.swift; path = Level27_VoiceOver.swift; sourceTree = "<group>"; };
		8D156C013CB319A0385F7506 /* Assets.xcassets */ = {isa = PBXFileReference; lastKnownFileType = folder.assetcatalog; path = Assets.xcassets; sourceTree = "<group>"; };
		90C5A4F33588282BB3AF7B97 /* DeviceManagerCoordinator.swift */ = {isa = PBXFileReference; lastKnownFileType = sourcecode.swift; path = DeviceManagerCoordinator.swift; sourceTree = "<group>"; };
		96D953F74D3EFACD2220FB92 /* Level24_StorageSpace.swift */ = {isa = PBXFileReference; lastKnownFileType = sourcecode.swift; path = Level24_StorageSpace.swift; sourceTree = "<group>"; };
		9B6E8A08233E5AA54B079AF3 /* Level25_TimeOfDay.swift */ = {isa = PBXFileReference; lastKnownFileType = sourcecode.swift; path = Level25_TimeOfDay.swift; sourceTree = "<group>"; };
		9EE34F192E505BF43AD7942D /* FocusModeManager.swift */ = {isa = PBXFileReference; lastKnownFileType = sourcecode.swift; path = FocusModeManager.swift; sourceTree = "<group>"; };
		A5A30BF53F0063D721F60765 /* JuiceManager.swift */ = {isa = PBXFileReference; lastKnownFileType = sourcecode.swift; path = JuiceManager.swift; sourceTree = "<group>"; };
		A5E577B8468EA96708AB71BC /* ProgressManager.swift */ = {isa = PBXFileReference; lastKnownFileType = sourcecode.swift; path = ProgressManager.swift; sourceTree = "<group>"; };
		A652CB7062398A5DB1C2CE50 /* PowerModeManager.swift */ = {isa = PBXFileReference; lastKnownFileType = sourcecode.swift; path = PowerModeManager.swift; sourceTree = "<group>"; };
		A7E6E4D2BFD72F0D56E2522A /* Level9_Orientation.swift */ = {isa = PBXFileReference; lastKnownFileType = sourcecode.swift; path = Level9_Orientation.swift; sourceTree = "<group>"; };
		AD2252F95D146BFD43AF11B5 /* MotionManager.swift */ = {isa = PBXFileReference; lastKnownFileType = sourcecode.swift; path = MotionManager.swift; sourceTree = "<group>"; };
		B69A5AB4ABFC655178C75B9F /* Level23_DeviceName.swift */ = {isa = PBXFileReference; lastKnownFileType = sourcecode.swift; path = Level23_DeviceName.swift; sourceTree = "<group>"; };
		B970E0065DEF3FB6BD53F97E /* Level4_Volume.swift */ = {isa = PBXFileReference; lastKnownFileType = sourcecode.swift; path = Level4_Volume.swift; sourceTree = "<group>"; };
		BE1D0A964286B9ABA49CB3EC /* Level3_Static.swift */ = {isa = PBXFileReference; lastKnownFileType = sourcecode.swift; path = Level3_Static.swift; sourceTree = "<group>"; };
		C15F82C8F382DCF8658B8ACD /* LevelFactory.swift */ = {isa = PBXFileReference; lastKnownFileType = sourcecode.swift; path = LevelFactory.swift; sourceTree = "<group>"; };
		C183FF931CCBBA2BBEB5D51C /* HapticManager.swift */ = {isa = PBXFileReference; lastKnownFileType = sourcecode.swift; path = HapticManager.swift; sourceTree = "<group>"; };
		C6177BA4C3087E00BE235111 /* LocaleManager.swift */ = {isa = PBXFileReference; lastKnownFileType = sourcecode.swift; path = LocaleManager.swift; sourceTree = "<group>"; };
		C91EADCA77DF81BDDA2F970C /* GameRootView.swift */ = {isa = PBXFileReference; lastKnownFileType = sourcecode.swift; path = GameRootView.swift; sourceTree = "<group>"; };
		C9ADFADAD3DFF4FF015486C7 /* OrientationManager.swift */ = {isa = PBXFileReference; lastKnownFileType = sourcecode.swift; path = OrientationManager.swift; sourceTree = "<group>"; };
		CFEF9968DDA1EDE5D9706C75 /* LevelID.swift */ = {isa = PBXFileReference; lastKnownFileType = sourcecode.swift; path = LevelID.swift; sourceTree = "<group>"; };
		D065F33B8182B5289FC24557 /* ClipboardManager.swift */ = {isa = PBXFileReference; lastKnownFileType = sourcecode.swift; path = ClipboardManager.swift; sourceTree = "<group>"; };
		D294E1604AB728538A52B49F /* AudioManager.swift */ = {isa = PBXFileReference; lastKnownFileType = sourcecode.swift; path = AudioManager.swift; sourceTree = "<group>"; };
		D4FF082F955DAD96BB2F013E /* Level15_LowPower.swift */ = {isa = PBXFileReference; lastKnownFileType = sourcecode.swift; path = Level15_LowPower.swift; sourceTree = "<group>"; };
		D6134308C7C2DA13566C0225 /* ParticleFactory.swift */ = {isa = PBXFileReference; lastKnownFileType = sourcecode.swift; path = ParticleFactory.swift; sourceTree = "<group>"; };
		E0ADDCE606E466C484DC5D4C /* Level1_Header.swift */ = {isa = PBXFileReference; lastKnownFileType = sourcecode.swift; path = Level1_Header.swift; sourceTree = "<group>"; };
		E10A1FE1B5A071435FC57110 /* NotificationManager.swift */ = {isa = PBXFileReference; lastKnownFileType = sourcecode.swift; path = NotificationManager.swift; sourceTree = "<group>"; };
		E94A8D5694571314896A0BB3 /* Level5_Charging.swift */ = {isa = PBXFileReference; lastKnownFileType = sourcecode.swift; path = Level5_Charging.swift; sourceTree = "<group>"; };
		E9A6300473FBBF48BA89C785 /* Level26_Locale.swift */ = {isa = PBXFileReference; lastKnownFileType = sourcecode.swift; path = Level26_Locale.swift; sourceTree = "<group>"; };
		EF2ED4B8D969089335BDE94C /* Glitched.app */ = {isa = PBXFileReference; includeInIndex = 0; lastKnownFileType = wrapper.application; path = Glitched.app; sourceTree = BUILT_PRODUCTS_DIR; };
		F043D5C26DE91D715EB8AD27 /* Level29_TheLie.swift */ = {isa = PBXFileReference; lastKnownFileType = sourcecode.swift; path = Level29_TheLie.swift; sourceTree = "<group>"; };
		F4A66C1B6B495950E381E8ED /* GameState.swift */ = {isa = PBXFileReference; lastKnownFileType = sourcecode.swift; path = GameState.swift; sourceTree = "<group>"; };
		F80099F4DD230213DDF15870 /* BitCharacter.swift */ = {isa = PBXFileReference; lastKnownFileType = sourcecode.swift; path = BitCharacter.swift; sourceTree = "<group>"; };
		FAA0F6B6AAA702F99C95251C /* MicrophoneManager.swift */ = {isa = PBXFileReference; lastKnownFileType = sourcecode.swift; path = MicrophoneManager.swift; sourceTree = "<group>"; };
/* End PBXFileReference section */

/* Begin PBXGroup section */
		21519465E1D13E2194366CAC /* Glitched */ = {
			isa = PBXGroup;
			children = (
				288B2C30D58D7B698D2213A0 /* Info.plist */,
				431065F9F2AE3E767D85AE85 /* App */,
				A99346295E9D9C6EBE66CC7A /* Assets */,
				D23058EB1B539A53645E9D5C /* Characters */,
				75DFE738843ABE0736F9B0B5 /* Core */,
				A3D440BF537D665EC576FE6D /* DeviceIntegration */,
				784993C31333890416F94C0C /* Input */,
				C5CE73DD33952D031B711C45 /* Scenes */,
				9E2B4D1E23B4CF1E77B73ACC /* UI */,
			);
			path = Glitched;
			sourceTree = "<group>";
		};
		431065F9F2AE3E767D85AE85 /* App */ = {
			isa = PBXGroup;
			children = (
				C91EADCA77DF81BDDA2F970C /* GameRootView.swift */,
				0B9CFD4664A4FF381CD51110 /* GlitchedApp.swift */,
			);
			path = App;
			sourceTree = "<group>";
		};
		75DFE738843ABE0736F9B0B5 /* Core */ = {
			isa = PBXGroup;
			children = (
				37D78919A88F0739FEF71400 /* AccessibilityManager.swift */,
				D294E1604AB728538A52B49F /* AudioManager.swift */,
				25D202F0092C63598685BF39 /* GameInputEvent.swift */,
				F4A66C1B6B495950E381E8ED /* GameState.swift */,
				C183FF931CCBBA2BBEB5D51C /* HapticManager.swift */,
				43E11F392479B2196246F96B /* InputEventBus.swift */,
				A5A30BF53F0063D721F60765 /* JuiceManager.swift */,
				CFEF9968DDA1EDE5D9706C75 /* LevelID.swift */,
				D6134308C7C2DA13566C0225 /* ParticleFactory.swift */,
				A5E577B8468EA96708AB71BC /* ProgressManager.swift */,
			);
			path = Core;
			sourceTree = "<group>";
		};
		784993C31333890416F94C0C /* Input */ = {
			isa = PBXGroup;
			children = (
				2ADF34795D77C2FA5AE87204 /* KeyboardState.swift */,
			);
			path = Input;
			sourceTree = "<group>";
		};
		9E2B4D1E23B4CF1E77B73ACC /* UI */ = {
			isa = PBXGroup;
			children = (
				5798D022CBE41ACAB6B2D311 /* DebugInputPanel.swift */,
				C15F82C8F382DCF8658B8ACD /* LevelFactory.swift */,
				60F0989938E81319FCA6BCCA /* LevelHeaderHUD.swift */,
			);
			path = UI;
			sourceTree = "<group>";
		};
		A3D440BF537D665EC576FE6D /* DeviceIntegration */ = {
			isa = PBXGroup;
			children = (
				0B7FD510F101F5A60DC21BC3 /* AirDropManager.swift */,
				3EBEED942CAA63CA601034EE /* AppearanceManager.swift */,
				2951EA0539E27C1CF35F1C90 /* AppSwitcherManager.swift */,
				231CEFB02BA5B2192F8EC955 /* AuthenticationManager.swift */,
				31A1B25865B477718B3D4F81 /* BackgroundTimeManager.swift */,
				813261F5775CAF4D6DC9491A /* BatteryLevelManager.swift */,
				63B3641B109025C0DDCE2B5E /* BatteryManager.swift */,
				7336C3943F02282AC5DBACF8 /* BrightnessManager.swift */,
				D065F33B8182B5289FC24557 /* ClipboardManager.swift */,
				7A5AC0459252E64256125FAD /* DeviceManager.swift */,
				90C5A4F33588282BB3AF7B97 /* DeviceManagerCoordinator.swift */,
				80A5BB481BDD99C3A39A3BBC /* DeviceNameManager.swift */,
				9EE34F192E505BF43AD7942D /* FocusModeManager.swift */,
				C6177BA4C3087E00BE235111 /* LocaleManager.swift */,
				FAA0F6B6AAA702F99C95251C /* MicrophoneManager.swift */,
				AD2252F95D146BFD43AF11B5 /* MotionManager.swift */,
				25737AD8252D103BAC560B16 /* NetworkManager.swift */,
				E10A1FE1B5A071435FC57110 /* NotificationManager.swift */,
				C9ADFADAD3DFF4FF015486C7 /* OrientationManager.swift */,
				A652CB7062398A5DB1C2CE50 /* PowerModeManager.swift */,
				24C51F6533163E35F3561B4C /* ReinstallManager.swift */,
				12A02BBDCD1404CA4545F4E5 /* ScreenshotManager.swift */,
				7A76E465CE814728482A32EA /* ShakeUndoManager.swift */,
				246C54B178876AB9B7C75F86 /* StorageSpaceManager.swift */,
				0135D1F3DF2C035A049E736C /* TimeOfDayManager.swift */,
				2D6AD830B25DB30C4F75624E /* VoiceCommandManager.swift */,
				6875D6C339DB4C95CE1B7F47 /* VoiceOverManager.swift */,
			);
			path = DeviceIntegration;
			sourceTree = "<group>";
		};
		A99346295E9D9C6EBE66CC7A /* Assets */ = {
			isa = PBXGroup;
			children = (
				8D156C013CB319A0385F7506 /* Assets.xcassets */,
			);
			path = Assets;
			sourceTree = "<group>";
		};
		B6D022D07D4D4520959AEB86 /* Products */ = {
			isa = PBXGroup;
			children = (
				EF2ED4B8D969089335BDE94C /* Glitched.app */,
			);
			name = Products;
			sourceTree = "<group>";
		};
		BF29292DB7BD41B4EA4CBB9D = {
			isa = PBXGroup;
			children = (
				21519465E1D13E2194366CAC /* Glitched */,
				B6D022D07D4D4520959AEB86 /* Products */,
			);
			sourceTree = "<group>";
		};
		C5CE73DD33952D031B711C45 /* Scenes */ = {
			isa = PBXGroup;
			children = (
				1459B00AEA5D4FE5A5026E4B /* BaseLevelScene.swift */,
				459CA7CEF086A492555C40B3 /* Level0_BootSequence.swift */,
				E0ADDCE606E466C484DC5D4C /* Level1_Header.swift */,
				7A9FC7B1DAEA40528C88510D /* Level2_Wind.swift */,
				BE1D0A964286B9ABA49CB3EC /* Level3_Static.swift */,
				B970E0065DEF3FB6BD53F97E /* Level4_Volume.swift */,
				E94A8D5694571314896A0BB3 /* Level5_Charging.swift */,
				72820D4FA4FA2EAB83F9EA7A /* Level6_Brightness.swift */,
				4ABD6259D7C8DF7D947932C8 /* Level7_Screenshot.swift */,
				38C9348B5753673A50168165 /* Level8_DarkMode.swift */,
				A7E6E4D2BFD72F0D56E2522A /* Level9_Orientation.swift */,
				45365B2F5C6B8ED21573E6A3 /* Level10_TimeTravel.swift */,
				5BC6120CBE61C500535D8CB0 /* Level11_Notification.swift */,
				4FA53D85C83A4D6BF7F5703D /* Level12_Clipboard.swift */,
				3C5CE694F3C08F3B5EE03855 /* Level13_WiFi.swift */,
				4BCAA13046F01CADFDC5D784 /* Level14_FocusMode.swift */,
				D4FF082F955DAD96BB2F013E /* Level15_LowPower.swift */,
				7E9C3E53B3C3D7AEE98978BB /* Level16_ShakeUndo.swift */,
				6617AC71A777BF51EA8A8908 /* Level17_AirplaneMode.swift */,
				1CC60FAC853285E300B4F0A5 /* Level18_AppSwitcher.swift */,
				7D66EFF2E436320DB6B65AF8 /* Level19_FaceID.swift */,
				711F568B1776028CC88CD672 /* Level20_MetaFinale.swift */,
				45D735BF0FEB9CAD568E6C55 /* Level21_VoiceCommand.swift */,
				73C3BE505E0D9E9AEA919C1D /* Level22_BatteryPercent.swift */,
				B69A5AB4ABFC655178C75B9F /* Level23_DeviceName.swift */,
				96D953F74D3EFACD2220FB92 /* Level24_StorageSpace.swift */,
				9B6E8A08233E5AA54B079AF3 /* Level25_TimeOfDay.swift */,
				E9A6300473FBBF48BA89C785 /* Level26_Locale.swift */,
				829FF142EAB115F99FD5345A /* Level27_VoiceOver.swift */,
				26CCA6D83D6B69FE0B1F89C0 /* Level28_AirDrop.swift */,
				F043D5C26DE91D715EB8AD27 /* Level29_TheLie.swift */,
				0CE02614FFADA398E933211F /* Level30_CreditsFinale.swift */,
			);
			path = Scenes;
			sourceTree = "<group>";
		};
		D23058EB1B539A53645E9D5C /* Characters */ = {
			isa = PBXGroup;
			children = (
				F80099F4DD230213DDF15870 /* BitCharacter.swift */,
				7412661102DF49F96A011997 /* PlayerController.swift */,
			);
			path = Characters;
			sourceTree = "<group>";
		};
/* End PBXGroup section */

/* Begin PBXNativeTarget section */
		A3B1FDAFE70810DCBE2DBBA6 /* Glitched */ = {
			isa = PBXNativeTarget;
			buildConfigurationList = 98848F846F5358DC1507FA27 /* Build configuration list for PBXNativeTarget "Glitched" */;
			buildPhases = (
				CA2896428A352ABD69E71D21 /* Sources */,
				14C3F3517F46586A1398499C /* Resources */,
			);
			buildRules = (
			);
			dependencies = (
			);
			name = Glitched;
			packageProductDependencies = (
			);
			productName = Glitched;
			productReference = EF2ED4B8D969089335BDE94C /* Glitched.app */;
			productType = "com.apple.product-type.application";
		};
/* End PBXNativeTarget section */

/* Begin PBXProject section */
		A4097DA35C8ACBE2D938B153 /* Project object */ = {
			isa = PBXProject;
			attributes = {
				BuildIndependentTargetsInParallel = YES;
				LastUpgradeCheck = 1500;
				TargetAttributes = {
					A3B1FDAFE70810DCBE2DBBA6 = {
						DevelopmentTeam = "";
						ProvisioningStyle = Automatic;
					};
				};
			};
			buildConfigurationList = C8E6968B986A4DFFF74D3F21 /* Build configuration list for PBXProject "Glitched" */;
			compatibilityVersion = "Xcode 14.0";
			developmentRegion = en;
			hasScannedForEncodings = 0;
			knownRegions = (
				Base,
				en,
			);
			mainGroup = BF29292DB7BD41B4EA4CBB9D;
			minimizedProjectReferenceProxies = 1;
			preferredProjectObjectVersion = 77;
			projectDirPath = "";
			projectRoot = "";
			targets = (
				A3B1FDAFE70810DCBE2DBBA6 /* Glitched */,
			);
		};
/* End PBXProject section */

/* Begin PBXResourcesBuildPhase section */
		14C3F3517F46586A1398499C /* Resources */ = {
			isa = PBXResourcesBuildPhase;
			buildActionMask = 2147483647;
			files = (
				3EDDD33EC2F11770CFF82E33 /* Assets.xcassets in Resources */,
			);
			runOnlyForDeploymentPostprocessing = 0;
		};
/* End PBXResourcesBuildPhase section */

/* Begin PBXSourcesBuildPhase section */
		CA2896428A352ABD69E71D21 /* Sources */ = {
			isa = PBXSourcesBuildPhase;
			buildActionMask = 2147483647;
			files = (
				846418D879D061D2C118B43F /* AccessibilityManager.swift in Sources */,
				265423C850E953AD67649C36 /* AirDropManager.swift in Sources */,
				D6095FBCCD80D0B5FE109D88 /* AppSwitcherManager.swift in Sources */,
				3E0151C1311936BF50BAE0DE /* AppearanceManager.swift in Sources */,
				385F0F50B0DB94B3CF60370E /* AudioManager.swift in Sources */,
				5FD1CF9FC1FAE4E8D9ECB6AC /* AuthenticationManager.swift in Sources */,
				8E08BDD841FD28D80A0764B3 /* BackgroundTimeManager.swift in Sources */,
				63AEF1BD01913DD4F57F016B /* BaseLevelScene.swift in Sources */,
				C92112168CCB7DDEBF8ED4AB /* BatteryLevelManager.swift in Sources */,
				7C84D42D3EBE40A2002CB20C /* BatteryManager.swift in Sources */,
				0B2B0AE4A2BCA6D1954800C7 /* BitCharacter.swift in Sources */,
				00AB645198D637A0FED2507F /* BrightnessManager.swift in Sources */,
				196D440E41478EE76C402A77 /* ClipboardManager.swift in Sources */,
				2ED14A726B4B63F41EABBED4 /* DebugInputPanel.swift in Sources */,
				7D019D1EB7D2239D94B71BEB /* DeviceManager.swift in Sources */,
				F851246AAF81D1E714A6565A /* DeviceManagerCoordinator.swift in Sources */,
				03AAC790327E0A572082A7F9 /* DeviceNameManager.swift in Sources */,
				94078ED69BB6860047F0E4A6 /* FocusModeManager.swift in Sources */,
				518C9B9F4605DCC99419F2CF /* GameInputEvent.swift in Sources */,
				19712575BDFA3584AA672404 /* GameRootView.swift in Sources */,
				B4523E24A4B969CF137BB2A1 /* GameState.swift in Sources */,
				BDD6BB84927B2C7EA5CCB5F7 /* GlitchedApp.swift in Sources */,
				0E012B163A1DE726DF13E644 /* HapticManager.swift in Sources */,
				6043A2EEEB44943D6C10F7F9 /* InputEventBus.swift in Sources */,
				3F54EC52F8E9F681A0252439 /* JuiceManager.swift in Sources */,
				8382502D8803DFD41E2A4ADC /* KeyboardState.swift in Sources */,
				B35C6CA2D513CEA1B4552C17 /* Level0_BootSequence.swift in Sources */,
				ECB2ABFF278863A8C87D38D4 /* Level10_TimeTravel.swift in Sources */,
				695444AA1972BA14771ED37B /* Level11_Notification.swift in Sources */,
				95C7A569C882408FD704CCF6 /* Level12_Clipboard.swift in Sources */,
				F50D84DD6F9B4450477CC95E /* Level13_WiFi.swift in Sources */,
				CEE18DEF1D8CD01CC864A3C3 /* Level14_FocusMode.swift in Sources */,
				4E62E1F99379A04312D51755 /* Level15_LowPower.swift in Sources */,
				256D225389BE2FCE88476365 /* Level16_ShakeUndo.swift in Sources */,
				9899FF3F9266A63F351F90AB /* Level17_AirplaneMode.swift in Sources */,
				E60C00CA8B0EA29838102835 /* Level18_AppSwitcher.swift in Sources */,
				FD6EFE04416CF1A98179E323 /* Level19_FaceID.swift in Sources */,
				8B10CC87C357667A57B35663 /* Level1_Header.swift in Sources */,
				C677B8B74662F8B5F98D83E6 /* Level20_MetaFinale.swift in Sources */,
				AED2765480F15EB9B5B3FCF4 /* Level21_VoiceCommand.swift in Sources */,
				27715F9A98FF35048F49A49C /* Level22_BatteryPercent.swift in Sources */,
				D16D040AC7FF1BA508BA6135 /* Level23_DeviceName.swift in Sources */,
				199986AB11BBD61E5FD7DABC /* Level24_StorageSpace.swift in Sources */,
				309F7347B618CB9D379145D9 /* Level25_TimeOfDay.swift in Sources */,
				1D437F807F723B4F96D749F6 /* Level26_Locale.swift in Sources */,
				C27424AF0FD9152F60DC580A /* Level27_VoiceOver.swift in Sources */,
				A66163737B8B6CF9713FFF92 /* Level28_AirDrop.swift in Sources */,
				4123E694B70A1E5CB5E132FC /* Level29_TheLie.swift in Sources */,
				48F2531ECFAD8E1C33E19848 /* Level2_Wind.swift in Sources */,
				1E26500DD8DEC185FCA758DF /* Level30_CreditsFinale.swift in Sources */,
				9977B18A7955405E5743454D /* Level3_Static.swift in Sources */,
				F8A9AADF304F0FDD601994E4 /* Level4_Volume.swift in Sources */,
				EF5C7222C4754E9C9A86209E /* Level5_Charging.swift in Sources */,
				0F0065460F7D2835EBC2E377 /* Level6_Brightness.swift in Sources */,
				E95FC1E629793116B01AD514 /* Level7_Screenshot.swift in Sources */,
				D9201108209D6D5FEA723A16 /* Level8_DarkMode.swift in Sources */,
				B66A488108E3CAE4B944B382 /* Level9_Orientation.swift in Sources */,
				448C9F4D19B7AAD18DA5AF25 /* LevelFactory.swift in Sources */,
				63B3FC08894FDCD4891421E0 /* LevelHeaderHUD.swift in Sources */,
				7C19AE5C2EDA2EE18187FE16 /* LevelID.swift in Sources */,
				539901415D4914E226024D00 /* LocaleManager.swift in Sources */,
				C1F7EB1BC790E6F7EABD2AC4 /* MicrophoneManager.swift in Sources */,
				642EF318AA14AFB50E740DE1 /* MotionManager.swift in Sources */,
				96FBC249607538C9D05297B3 /* NetworkManager.swift in Sources */,
				E0256E88EB2FA5E7AC81BF61 /* NotificationManager.swift in Sources */,
				54277AD9A2477FB5E1C573A2 /* OrientationManager.swift in Sources */,
				86491F69A9743078BA9B94E3 /* ParticleFactory.swift in Sources */,
				AAC0C4F2B525EE274D5CD1E2 /* PlayerController.swift in Sources */,
				10C6ECBEE4B25C2488828551 /* PowerModeManager.swift in Sources */,
				00DF7007792B952FCE013DD5 /* ProgressManager.swift in Sources */,
				AB57F6CE52E76C824881CDD5 /* ReinstallManager.swift in Sources */,
				26E344FB43860116EF926F81 /* ScreenshotManager.swift in Sources */,
				A78045AE384938D2296429D4 /* ShakeUndoManager.swift in Sources */,
				E3EA2E8D50135B198E78950C /* StorageSpaceManager.swift in Sources */,
				6D6E0FD4CC3717E4CDF4D56D /* TimeOfDayManager.swift in Sources */,
				88181492C4E7B769698A540E /* VoiceCommandManager.swift in Sources */,
				528268B9AADD3080A287E407 /* VoiceOverManager.swift in Sources */,
			);
			runOnlyForDeploymentPostprocessing = 0;
		};
/* End PBXSourcesBuildPhase section */

/* Begin XCBuildConfiguration section */
		2B6108FC4EBC84F0A7303CC2 /* Release */ = {
			isa = XCBuildConfiguration;
			buildSettings = {
				ALWAYS_SEARCH_USER_PATHS = NO;
				CLANG_ANALYZER_NONNULL = YES;
				CLANG_ANALYZER_NUMBER_OBJECT_CONVERSION = YES_AGGRESSIVE;
				CLANG_CXX_LANGUAGE_STANDARD = "gnu++14";
				CLANG_CXX_LIBRARY = "libc++";
				CLANG_ENABLE_MODULES = YES;
				CLANG_ENABLE_OBJC_ARC = YES;
				CLANG_ENABLE_OBJC_WEAK = YES;
				CLANG_WARN_BLOCK_CAPTURE_AUTORELEASING = YES;
				CLANG_WARN_BOOL_CONVERSION = YES;
				CLANG_WARN_COMMA = YES;
				CLANG_WARN_CONSTANT_CONVERSION = YES;
				CLANG_WARN_DEPRECATED_OBJC_IMPLEMENTATIONS = YES;
				CLANG_WARN_DIRECT_OBJC_ISA_USAGE = YES_ERROR;
				CLANG_WARN_DOCUMENTATION_COMMENTS = YES;
				CLANG_WARN_EMPTY_BODY = YES;
				CLANG_WARN_ENUM_CONVERSION = YES;
				CLANG_WARN_INFINITE_RECURSION = YES;
				CLANG_WARN_INT_CONVERSION = YES;
				CLANG_WARN_NON_LITERAL_NULL_CONVERSION = YES;
				CLANG_WARN_OBJC_IMPLICIT_RETAIN_SELF = YES;
				CLANG_WARN_OBJC_LITERAL_CONVERSION = YES;
				CLANG_WARN_OBJC_ROOT_CLASS = YES_ERROR;
				CLANG_WARN_QUOTED_INCLUDE_IN_FRAMEWORK_HEADER = YES;
				CLANG_WARN_RANGE_LOOP_ANALYSIS = YES;
				CLANG_WARN_STRICT_PROTOTYPES = YES;
				CLANG_WARN_SUSPICIOUS_MOVE = YES;
				CLANG_WARN_UNGUARDED_AVAILABILITY = YES_AGGRESSIVE;
				CLANG_WARN_UNREACHABLE_CODE = YES;
				CLANG_WARN__DUPLICATE_METHOD_MATCH = YES;
				COPY_PHASE_STRIP = NO;
				DEBUG_INFORMATION_FORMAT = "dwarf-with-dsym";
				ENABLE_NS_ASSERTIONS = NO;
				ENABLE_STRICT_OBJC_MSGSEND = YES;
				GCC_C_LANGUAGE_STANDARD = gnu11;
				GCC_NO_COMMON_BLOCKS = YES;
				GCC_WARN_64_TO_32_BIT_CONVERSION = YES;
				GCC_WARN_ABOUT_RETURN_TYPE = YES_ERROR;
				GCC_WARN_UNDECLARED_SELECTOR = YES;
				GCC_WARN_UNINITIALIZED_AUTOS = YES_AGGRESSIVE;
				GCC_WARN_UNUSED_FUNCTION = YES;
				GCC_WARN_UNUSED_VARIABLE = YES;
				IPHONEOS_DEPLOYMENT_TARGET = 15.0;
				MTL_ENABLE_DEBUG_INFO = NO;
				MTL_FAST_MATH = YES;
				PRODUCT_NAME = "$(TARGET_NAME)";
				SDKROOT = iphoneos;
				SWIFT_COMPILATION_MODE = wholemodule;
				SWIFT_OPTIMIZATION_LEVEL = "-O";
				SWIFT_VERSION = 5.0;
			};
			name = Release;
		};
		5FF680D29D14B89C9F217FF8 /* Debug */ = {
			isa = XCBuildConfiguration;
			buildSettings = {
				ALWAYS_SEARCH_USER_PATHS = NO;
				CLANG_ANALYZER_NONNULL = YES;
				CLANG_ANALYZER_NUMBER_OBJECT_CONVERSION = YES_AGGRESSIVE;
				CLANG_CXX_LANGUAGE_STANDARD = "gnu++14";
				CLANG_CXX_LIBRARY = "libc++";
				CLANG_ENABLE_MODULES = YES;
				CLANG_ENABLE_OBJC_ARC = YES;
				CLANG_ENABLE_OBJC_WEAK = YES;
				CLANG_WARN_BLOCK_CAPTURE_AUTORELEASING = YES;
				CLANG_WARN_BOOL_CONVERSION = YES;
				CLANG_WARN_COMMA = YES;
				CLANG_WARN_CONSTANT_CONVERSION = YES;
				CLANG_WARN_DEPRECATED_OBJC_IMPLEMENTATIONS = YES;
				CLANG_WARN_DIRECT_OBJC_ISA_USAGE = YES_ERROR;
				CLANG_WARN_DOCUMENTATION_COMMENTS = YES;
				CLANG_WARN_EMPTY_BODY = YES;
				CLANG_WARN_ENUM_CONVERSION = YES;
				CLANG_WARN_INFINITE_RECURSION = YES;
				CLANG_WARN_INT_CONVERSION = YES;
				CLANG_WARN_NON_LITERAL_NULL_CONVERSION = YES;
				CLANG_WARN_OBJC_IMPLICIT_RETAIN_SELF = YES;
				CLANG_WARN_OBJC_LITERAL_CONVERSION = YES;
				CLANG_WARN_OBJC_ROOT_CLASS = YES_ERROR;
				CLANG_WARN_QUOTED_INCLUDE_IN_FRAMEWORK_HEADER = YES;
				CLANG_WARN_RANGE_LOOP_ANALYSIS = YES;
				CLANG_WARN_STRICT_PROTOTYPES = YES;
				CLANG_WARN_SUSPICIOUS_MOVE = YES;
				CLANG_WARN_UNGUARDED_AVAILABILITY = YES_AGGRESSIVE;
				CLANG_WARN_UNREACHABLE_CODE = YES;
				CLANG_WARN__DUPLICATE_METHOD_MATCH = YES;
				COPY_PHASE_STRIP = NO;
				DEBUG_INFORMATION_FORMAT = dwarf;
				ENABLE_STRICT_OBJC_MSGSEND = YES;
				ENABLE_TESTABILITY = YES;
				GCC_C_LANGUAGE_STANDARD = gnu11;
				GCC_DYNAMIC_NO_PIC = NO;
				GCC_NO_COMMON_BLOCKS = YES;
				GCC_OPTIMIZATION_LEVEL = 0;
				GCC_PREPROCESSOR_DEFINITIONS = (
					"$(inherited)",
					"DEBUG=1",
				);
				GCC_WARN_64_TO_32_BIT_CONVERSION = YES;
				GCC_WARN_ABOUT_RETURN_TYPE = YES_ERROR;
				GCC_WARN_UNDECLARED_SELECTOR = YES;
				GCC_WARN_UNINITIALIZED_AUTOS = YES_AGGRESSIVE;
				GCC_WARN_UNUSED_FUNCTION = YES;
				GCC_WARN_UNUSED_VARIABLE = YES;
				IPHONEOS_DEPLOYMENT_TARGET = 15.0;
				MTL_ENABLE_DEBUG_INFO = INCLUDE_SOURCE;
				MTL_FAST_MATH = YES;
				ONLY_ACTIVE_ARCH = YES;
				PRODUCT_NAME = "$(TARGET_NAME)";
				SDKROOT = iphoneos;
				SWIFT_ACTIVE_COMPILATION_CONDITIONS = DEBUG;
				SWIFT_OPTIMIZATION_LEVEL = "-Onone";
				SWIFT_VERSION = 5.0;
			};
			name = Debug;
		};
		AD39EB3E106627FD2440F3E6 /* Release */ = {
			isa = XCBuildConfiguration;
			buildSettings = {
				ASSETCATALOG_COMPILER_APPICON_NAME = AppIcon;
				CODE_SIGN_IDENTITY = "iPhone Developer";
				CODE_SIGN_STYLE = Automatic;
				CURRENT_PROJECT_VERSION = 1;
				DEVELOPMENT_TEAM = "";
				ENABLE_PREVIEWS = YES;
				INFOPLIST_FILE = Glitched/Info.plist;
				LD_RUNPATH_SEARCH_PATHS = (
					"$(inherited)",
					"@executable_path/Frameworks",
				);
				MARKETING_VERSION = 1.0;
				PRODUCT_BUNDLE_IDENTIFIER = com.glitched.app;
				SDKROOT = iphoneos;
				SWIFT_VERSION = 5.0;
				TARGETED_DEVICE_FAMILY = 1;
			};
			name = Release;
		};
		D2CA07F8A82694EBC700D797 /* Debug */ = {
			isa = XCBuildConfiguration;
			buildSettings = {
				ASSETCATALOG_COMPILER_APPICON_NAME = AppIcon;
				CODE_SIGN_IDENTITY = "iPhone Developer";
				CODE_SIGN_STYLE = Automatic;
				CURRENT_PROJECT_VERSION = 1;
				DEVELOPMENT_TEAM = "";
				ENABLE_PREVIEWS = YES;
				INFOPLIST_FILE = Glitched/Info.plist;
				LD_RUNPATH_SEARCH_PATHS = (
					"$(inherited)",
					"@executable_path/Frameworks",
				);
				MARKETING_VERSION = 1.0;
				PRODUCT_BUNDLE_IDENTIFIER = com.glitched.app;
				SDKROOT = iphoneos;
				SWIFT_VERSION = 5.0;
				TARGETED_DEVICE_FAMILY = 1;
			};
			name = Debug;
		};
/* End XCBuildConfiguration section */

/* Begin XCConfigurationList section */
		98848F846F5358DC1507FA27 /* Build configuration list for PBXNativeTarget "Glitched" */ = {
			isa = XCConfigurationList;
			buildConfigurations = (
				D2CA07F8A82694EBC700D797 /* Debug */,
				AD39EB3E106627FD2440F3E6 /* Release */,
			);
			defaultConfigurationIsVisible = 0;
			defaultConfigurationName = Debug;
		};
		C8E6968B986A4DFFF74D3F21 /* Build configuration list for PBXProject "Glitched" */ = {
			isa = XCConfigurationList;
			buildConfigurations = (
				5FF680D29D14B89C9F217FF8 /* Debug */,
				2B6108FC4EBC84F0A7303CC2 /* Release */,
			);
			defaultConfigurationIsVisible = 0;
			defaultConfigurationName = Debug;
		};
/* End XCConfigurationList section */
	};
	rootObject = A4097DA35C8ACBE2D938B153 /* Project object */;
}
